# This file is automatically @generated by Cargo.
# It is not intended for manual editing.
version = 3

[[package]]
name = "stateql-cli"
version = "0.1.0"
dependencies = [
 "stateql-core",
 "stateql-dialect-mssql",
 "stateql-dialect-mysql",
 "stateql-dialect-postgres",
 "stateql-dialect-sqlite",
]

[[package]]
name = "stateql-core"
version = "0.1.0"

[[package]]
name = "stateql-dialect-mssql"
version = "0.1.0"
dependencies = [
 "stateql-core",
]

[[package]]
name = "stateql-dialect-mysql"
version = "0.1.0"
dependencies = [
 "stateql-core",
]

[[package]]
name = "stateql-dialect-postgres"
version = "0.1.0"
dependencies = [
 "stateql-core",
]

[[package]]
name = "stateql-dialect-sqlite"
version = "0.1.0"
dependencies = [
 "stateql-core",
]

[[package]]
name = "stateql-testkit"
version = "0.1.0"
dependencies = [
 "stateql-core",
]
